{
  "requires": true,
  "lockfileVersion": 1,
  "dependencies": {
    "cordova-plugin-googlemaps": {
      "version": "2.0.6",
      "resolved": "https://registry.npmjs.org/cordova-plugin-googlemaps/-/cordova-plugin-googlemaps-2.0.6.tgz",
      "integrity": "sha1-hq7RWiCpX2B37CLlL+PSQMZD9F4="
    }
  }
}
